// !$*UTF8*$!
{
	archiveVersion = 1;
	classes = {
	};
	objectVersion = 50;
	objects = {

/* Begin PBXBuildFile section */
		2429BA4D23751BFC001E8AD8 /* SignUpController.swift in Sources */ = {isa = PBXBuildFile; fileRef = 2429BA4C23751BFC001E8AD8 /* SignUpController.swift */; };
		248307472373C74300810F89 /* AppDelegate.swift in Sources */ = {isa = PBXBuildFile; fileRef = 248307462373C74300810F89 /* AppDelegate.swift */; };
		248307492373C74300810F89 /* SceneDelegate.swift in Sources */ = {isa = PBXBuildFile; fileRef = 248307482373C74300810F89 /* SceneDelegate.swift */; };
		2483074B2373C74300810F89 /* WelcomeController.swift in Sources */ = {isa = PBXBuildFile; fileRef = 2483074A2373C74300810F89 /* WelcomeController.swift */; };
		248307502373C74700810F89 /* Assets.xcassets in Resources */ = {isa = PBXBuildFile; fileRef = 2483074F2373C74700810F89 /* Assets.xcassets */; };
		248307532373C74700810F89 /* LaunchScreen.storyboard in Resources */ = {isa = PBXBuildFile; fileRef = 248307512373C74700810F89 /* LaunchScreen.storyboard */; };
		2483075E2373C74700810F89 /* Store_DepotTests.swift in Sources */ = {isa = PBXBuildFile; fileRef = 2483075D2373C74700810F89 /* Store_DepotTests.swift */; };
		248307692373C74700810F89 /* Store_DepotUITests.swift in Sources */ = {isa = PBXBuildFile; fileRef = 248307682373C74700810F89 /* Store_DepotUITests.swift */; };
		248307792373CCBD00810F89 /* UIStackView+Utils.swift in Sources */ = {isa = PBXBuildFile; fileRef = 248307782373CCBD00810F89 /* UIStackView+Utils.swift */; };
		2483077B2373CDE300810F89 /* UIColor+Theme.swift in Sources */ = {isa = PBXBuildFile; fileRef = 2483077A2373CDE300810F89 /* UIColor+Theme.swift */; };
		2483077F2373D7AD00810F89 /* HelperTextField.swift in Sources */ = {isa = PBXBuildFile; fileRef = 2483077E2373D7AD00810F89 /* HelperTextField.swift */; };
		248307812373EA4A00810F89 /* HelperButton.swift in Sources */ = {isa = PBXBuildFile; fileRef = 248307802373EA4A00810F89 /* HelperButton.swift */; };
/* End PBXBuildFile section */

/* Begin PBXContainerItemProxy section */
		2483075A2373C74700810F89 /* PBXContainerItemProxy */ = {
			isa = PBXContainerItemProxy;
			containerPortal = 2483073B2373C74300810F89 /* Project object */;
			proxyType = 1;
			remoteGlobalIDString = 248307422373C74300810F89;
			remoteInfo = "Store Depot";
		};
		248307652373C74700810F89 /* PBXContainerItemProxy */ = {
			isa = PBXContainerItemProxy;
			containerPortal = 2483073B2373C74300810F89 /* Project object */;
			proxyType = 1;
			remoteGlobalIDString = 248307422373C74300810F89;
			remoteInfo = "Store Depot";
		};
/* End PBXContainerItemProxy section */

/* Begin PBXFileReference section */
		2429BA4C23751BFC001E8AD8 /* SignUpController.swift */ = {isa = PBXFileReference; lastKnownFileType = sourcecode.swift; path = SignUpController.swift; sourceTree = "<group>"; };
		248307432373C74300810F89 /* Store Depot.app */ = {isa = PBXFileReference; explicitFileType = wrapper.application; includeInIndex = 0; path = "Store Depot.app"; sourceTree = BUILT_PRODUCTS_DIR; };
		248307462373C74300810F89 /* AppDelegate.swift */ = {isa = PBXFileReference; lastKnownFileType = sourcecode.swift; path = AppDelegate.swift; sourceTree = "<group>"; };
		248307482373C74300810F89 /* SceneDelegate.swift */ = {isa = PBXFileReference; lastKnownFileType = sourcecode.swift; path = SceneDelegate.swift; sourceTree = "<group>"; };
		2483074A2373C74300810F89 /* WelcomeController.swift */ = {isa = PBXFileReference; lastKnownFileType = sourcecode.swift; path = WelcomeController.swift; sourceTree = "<group>"; };
		2483074F2373C74700810F89 /* Assets.xcassets */ = {isa = PBXFileReference; lastKnownFileType = folder.assetcatalog; path = Assets.xcassets; sourceTree = "<group>"; };
		248307522373C74700810F89 /* Base */ = {isa = PBXFileReference; lastKnownFileType = file.storyboard; name = Base; path = Base.lproj/LaunchScreen.storyboard; sourceTree = "<group>"; };
		248307542373C74700810F89 /* Info.plist */ = {isa = PBXFileReference; lastKnownFileType = text.plist.xml; path = Info.plist; sourceTree = "<group>"; };
		248307592373C74700810F89 /* Store DepotTests.xctest */ = {isa = PBXFileReference; explicitFileType = wrapper.cfbundle; includeInIndex = 0; path = "Store DepotTests.xctest"; sourceTree = BUILT_PRODUCTS_DIR; };
		2483075D2373C74700810F89 /* Store_DepotTests.swift */ = {isa = PBXFileReference; lastKnownFileType = sourcecode.swift; path = Store_DepotTests.swift; sourceTree = "<group>"; };
		2483075F2373C74700810F89 /* Info.plist */ = {isa = PBXFileReference; lastKnownFileType = text.plist.xml; path = Info.plist; sourceTree = "<group>"; };
		248307642373C74700810F89 /* Store DepotUITests.xctest */ = {isa = PBXFileReference; explicitFileType = wrapper.cfbundle; includeInIndex = 0; path = "Store DepotUITests.xctest"; sourceTree = BUILT_PRODUCTS_DIR; };
		248307682373C74700810F89 /* Store_DepotUITests.swift */ = {isa = PBXFileReference; lastKnownFileType = sourcecode.swift; path = Store_DepotUITests.swift; sourceTree = "<group>"; };
		2483076A2373C74700810F89 /* Info.plist */ = {isa = PBXFileReference; lastKnownFileType = text.plist.xml; path = Info.plist; sourceTree = "<group>"; };
		248307782373CCBD00810F89 /* UIStackView+Utils.swift */ = {isa = PBXFileReference; lastKnownFileType = sourcecode.swift; path = "UIStackView+Utils.swift"; sourceTree = "<group>"; };
		2483077A2373CDE300810F89 /* UIColor+Theme.swift */ = {isa = PBXFileReference; lastKnownFileType = sourcecode.swift; path = "UIColor+Theme.swift"; sourceTree = "<group>"; };
		2483077E2373D7AD00810F89 /* HelperTextField.swift */ = {isa = PBXFileReference; lastKnownFileType = sourcecode.swift; path = HelperTextField.swift; sourceTree = "<group>"; };
		248307802373EA4A00810F89 /* HelperButton.swift */ = {isa = PBXFileReference; lastKnownFileType = sourcecode.swift; path = HelperButton.swift; sourceTree = "<group>"; };
/* End PBXFileReference section */

/* Begin PBXFrameworksBuildPhase section */
		248307402373C74300810F89 /* Frameworks */ = {
			isa = PBXFrameworksBuildPhase;
			buildActionMask = 2147483647;
			files = (
			);
			runOnlyForDeploymentPostprocessing = 0;
		};
		248307562373C74700810F89 /* Frameworks */ = {
			isa = PBXFrameworksBuildPhase;
			buildActionMask = 2147483647;
			files = (
			);
			runOnlyForDeploymentPostprocessing = 0;
		};
		248307612373C74700810F89 /* Frameworks */ = {
			isa = PBXFrameworksBuildPhase;
			buildActionMask = 2147483647;
			files = (
			);
			runOnlyForDeploymentPostprocessing = 0;
		};
/* End PBXFrameworksBuildPhase section */

/* Begin PBXGroup section */
		2429BA4B23751BDA001E8AD8 /* SignUp Controller */ = {
			isa = PBXGroup;
			children = (
				2429BA4C23751BFC001E8AD8 /* SignUpController.swift */,
			);
			path = "SignUp Controller";
			sourceTree = "<group>";
		};
		2483073A2373C74300810F89 = {
			isa = PBXGroup;
			children = (
				248307452373C74300810F89 /* Store Depot */,
				2483075C2373C74700810F89 /* Store DepotTests */,
				248307672373C74700810F89 /* Store DepotUITests */,
				248307442373C74300810F89 /* Products */,
			);
			sourceTree = "<group>";
		};
		248307442373C74300810F89 /* Products */ = {
			isa = PBXGroup;
			children = (
				248307432373C74300810F89 /* Store Depot.app */,
				248307592373C74700810F89 /* Store DepotTests.xctest */,
				248307642373C74700810F89 /* Store DepotUITests.xctest */,
			);
			name = Products;
			sourceTree = "<group>";
		};
		248307452373C74300810F89 /* Store Depot */ = {
			isa = PBXGroup;
			children = (
				2483077D2373D75200810F89 /* Helper Views */,
				248307772373CC9C00810F89 /* Utils */,
				248307762373C8ED00810F89 /* Main Delegates */,
				2483077C2373D6A900810F89 /* Welcome Controller */,
				2429BA4B23751BDA001E8AD8 /* SignUp Controller */,
				2483074F2373C74700810F89 /* Assets.xcassets */,
				248307512373C74700810F89 /* LaunchScreen.storyboard */,
				248307542373C74700810F89 /* Info.plist */,
			);
			path = "Store Depot";
			sourceTree = "<group>";
		};
		2483075C2373C74700810F89 /* Store DepotTests */ = {
			isa = PBXGroup;
			children = (
				2483075D2373C74700810F89 /* Store_DepotTests.swift */,
				2483075F2373C74700810F89 /* Info.plist */,
			);
			path = "Store DepotTests";
			sourceTree = "<group>";
		};
		248307672373C74700810F89 /* Store DepotUITests */ = {
			isa = PBXGroup;
			children = (
				248307682373C74700810F89 /* Store_DepotUITests.swift */,
				2483076A2373C74700810F89 /* Info.plist */,
			);
			path = "Store DepotUITests";
			sourceTree = "<group>";
		};
		248307762373C8ED00810F89 /* Main Delegates */ = {
			isa = PBXGroup;
			children = (
				248307462373C74300810F89 /* AppDelegate.swift */,
				248307482373C74300810F89 /* SceneDelegate.swift */,
			);
			path = "Main Delegates";
			sourceTree = "<group>";
		};
		248307772373CC9C00810F89 /* Utils */ = {
			isa = PBXGroup;
			children = (
				248307782373CCBD00810F89 /* UIStackView+Utils.swift */,
				2483077A2373CDE300810F89 /* UIColor+Theme.swift */,
			);
			path = Utils;
			sourceTree = "<group>";
		};
		2483077C2373D6A900810F89 /* Welcome Controller */ = {
			isa = PBXGroup;
			children = (
				2483074A2373C74300810F89 /* WelcomeController.swift */,
			);
			path = "Welcome Controller";
			sourceTree = "<group>";
		};
		2483077D2373D75200810F89 /* Helper Views */ = {
			isa = PBXGroup;
			children = (
				2483077E2373D7AD00810F89 /* HelperTextField.swift */,
				248307802373EA4A00810F89 /* HelperButton.swift */,
			);
			path = "Helper Views";
			sourceTree = "<group>";
		};
/* End PBXGroup section */

/* Begin PBXNativeTarget section */
		248307422373C74300810F89 /* Store Depot */ = {
			isa = PBXNativeTarget;
			buildConfigurationList = 2483076D2373C74700810F89 /* Build configuration list for PBXNativeTarget "Store Depot" */;
			buildPhases = (
				2483073F2373C74300810F89 /* Sources */,
				248307402373C74300810F89 /* Frameworks */,
				248307412373C74300810F89 /* Resources */,
			);
			buildRules = (
			);
			dependencies = (
			);
			name = "Store Depot";
			productName = "Store Depot";
			productReference = 248307432373C74300810F89 /* Store Depot.app */;
			productType = "com.apple.product-type.application";
		};
		248307582373C74700810F89 /* Store DepotTests */ = {
			isa = PBXNativeTarget;
			buildConfigurationList = 248307702373C74700810F89 /* Build configuration list for PBXNativeTarget "Store DepotTests" */;
			buildPhases = (
				248307552373C74700810F89 /* Sources */,
				248307562373C74700810F89 /* Frameworks */,
				248307572373C74700810F89 /* Resources */,
			);
			buildRules = (
			);
			dependencies = (
				2483075B2373C74700810F89 /* PBXTargetDependency */,
			);
			name = "Store DepotTests";
			productName = "Store DepotTests";
			productReference = 248307592373C74700810F89 /* Store DepotTests.xctest */;
			productType = "com.apple.product-type.bundle.unit-test";
		};
		248307632373C74700810F89 /* Store DepotUITests */ = {
			isa = PBXNativeTarget;
			buildConfigurationList = 248307732373C74700810F89 /* Build configuration list for PBXNativeTarget "Store DepotUITests" */;
			buildPhases = (
				248307602373C74700810F89 /* Sources */,
				248307612373C74700810F89 /* Frameworks */,
				248307622373C74700810F89 /* Resources */,
			);
			buildRules = (
			);
			dependencies = (
				248307662373C74700810F89 /* PBXTargetDependency */,
			);
			name = "Store DepotUITests";
			productName = "Store DepotUITests";
			productReference = 248307642373C74700810F89 /* Store DepotUITests.xctest */;
			productType = "com.apple.product-type.bundle.ui-testing";
		};
/* End PBXNativeTarget section */

/* Begin PBXProject section */
		2483073B2373C74300810F89 /* Project object */ = {
			isa = PBXProject;
			attributes = {
				LastSwiftUpdateCheck = 1120;
				LastUpgradeCheck = 1120;
				ORGANIZATIONNAME = "Jonathan Dowdell";
				TargetAttributes = {
					248307422373C74300810F89 = {
						CreatedOnToolsVersion = 11.2;
					};
					248307582373C74700810F89 = {
						CreatedOnToolsVersion = 11.2;
						TestTargetID = 248307422373C74300810F89;
					};
					248307632373C74700810F89 = {
						CreatedOnToolsVersion = 11.2;
						TestTargetID = 248307422373C74300810F89;
					};
				};
			};
			buildConfigurationList = 2483073E2373C74300810F89 /* Build configuration list for PBXProject "Store Depot" */;
			compatibilityVersion = "Xcode 9.3";
			developmentRegion = en;
			hasScannedForEncodings = 0;
			knownRegions = (
				en,
				Base,
			);
			mainGroup = 2483073A2373C74300810F89;
			productRefGroup = 248307442373C74300810F89 /* Products */;
			projectDirPath = "";
			projectRoot = "";
			targets = (
				248307422373C74300810F89 /* Store Depot */,
				248307582373C74700810F89 /* Store DepotTests */,
				248307632373C74700810F89 /* Store DepotUITests */,
			);
		};
/* End PBXProject section */

/* Begin PBXResourcesBuildPhase section */
		248307412373C74300810F89 /* Resources */ = {
			isa = PBXResourcesBuildPhase;
			buildActionMask = 2147483647;
			files = (
				248307532373C74700810F89 /* LaunchScreen.storyboard in Resources */,
				248307502373C74700810F89 /* Assets.xcassets in Resources */,
			);
			runOnlyForDeploymentPostprocessing = 0;
		};
		248307572373C74700810F89 /* Resources */ = {
			isa = PBXResourcesBuildPhase;
			buildActionMask = 2147483647;
			files = (
			);
			runOnlyForDeploymentPostprocessing = 0;
		};
		248307622373C74700810F89 /* Resources */ = {
			isa = PBXResourcesBuildPhase;
			buildActionMask = 2147483647;
			files = (
			);
			runOnlyForDeploymentPostprocessing = 0;
		};
/* End PBXResourcesBuildPhase section */

/* Begin PBXSourcesBuildPhase section */
		2483073F2373C74300810F89 /* Sources */ = {
			isa = PBXSourcesBuildPhase;
			buildActionMask = 2147483647;
			files = (
				2483077B2373CDE300810F89 /* UIColor+Theme.swift in Sources */,
				248307812373EA4A00810F89 /* HelperButton.swift in Sources */,
				2483074B2373C74300810F89 /* WelcomeController.swift in Sources */,
				2429BA4D23751BFC001E8AD8 /* SignUpController.swift in Sources */,
				248307792373CCBD00810F89 /* UIStackView+Utils.swift in Sources */,
				2483077F2373D7AD00810F89 /* HelperTextField.swift in Sources */,
				248307472373C74300810F89 /* AppDelegate.swift in Sources */,
				248307492373C74300810F89 /* SceneDelegate.swift in Sources */,
			);
			runOnlyForDeploymentPostprocessing = 0;
		};
		248307552373C74700810F89 /* Sources */ = {
			isa = PBXSourcesBuildPhase;
			buildActionMask = 2147483647;
			files = (
				2483075E2373C74700810F89 /* Store_DepotTests.swift in Sources */,
			);
			runOnlyForDeploymentPostprocessing = 0;
		};
		248307602373C74700810F89 /* Sources */ = {
			isa = PBXSourcesBuildPhase;
			buildActionMask = 2147483647;
			files = (
				248307692373C74700810F89 /* Store_DepotUITests.swift in Sources */,
			);
			runOnlyForDeploymentPostprocessing = 0;
		};
/* End PBXSourcesBuildPhase section */

/* Begin PBXTargetDependency section */
		2483075B2373C74700810F89 /* PBXTargetDependency */ = {
			isa = PBXTargetDependency;
			target = 248307422373C74300810F89 /* Store Depot */;
			targetProxy = 2483075A2373C74700810F89 /* PBXContainerItemProxy */;
		};
		248307662373C74700810F89 /* PBXTargetDependency */ = {
			isa = PBXTargetDependency;
			target = 248307422373C74300810F89 /* Store Depot */;
			targetProxy = 248307652373C74700810F89 /* PBXContainerItemProxy */;
		};
/* End PBXTargetDependency section */

/* Begin PBXVariantGroup section */
		248307512373C74700810F89 /* LaunchScreen.storyboard */ = {
			isa = PBXVariantGroup;
			children = (
				248307522373C74700810F89 /* Base */,
			);
			name = LaunchScreen.storyboard;
			sourceTree = "<group>";
		};
/* End PBXVariantGroup section */

/* Begin XCBuildConfiguration section */
		2483076B2373C74700810F89 /* Debug */ = {
			isa = XCBuildConfiguration;
			buildSettings = {
				ALWAYS_SEARCH_USER_PATHS = NO;
				CLANG_ANALYZER_NONNULL = YES;
				CLANG_ANALYZER_NUMBER_OBJECT_CONVERSION = YES_AGGRESSIVE;
				CLANG_CXX_LANGUAGE_STANDARD = "gnu++14";
				CLANG_CXX_LIBRARY = "libc++";
				CLANG_ENABLE_MODULES = YES;
				CLANG_ENABLE_OBJC_ARC = YES;
				CLANG_ENABLE_OBJC_WEAK = YES;
				CLANG_WARN_BLOCK_CAPTURE_AUTORELEASING = YES;
				CLANG_WARN_BOOL_CONVERSION = YES;
				CLANG_WARN_COMMA = YES;
				CLANG_WARN_CONSTANT_CONVERSION = YES;
				CLANG_WARN_DEPRECATED_OBJC_IMPLEMENTATIONS = YES;
				CLANG_WARN_DIRECT_OBJC_ISA_USAGE = YES_ERROR;
				CLANG_WARN_DOCUMENTATION_COMMENTS = YES;
				CLANG_WARN_EMPTY_BODY = YES;
				CLANG_WARN_ENUM_CONVERSION = YES;
				CLANG_WARN_INFINITE_RECURSION = YES;
				CLANG_WARN_INT_CONVERSION = YES;
				CLANG_WARN_NON_LITERAL_NULL_CONVERSION = YES;
				CLANG_WARN_OBJC_IMPLICIT_RETAIN_SELF = YES;
				CLANG_WARN_OBJC_LITERAL_CONVERSION = YES;
				CLANG_WARN_OBJC_ROOT_CLASS = YES_ERROR;
				CLANG_WARN_RANGE_LOOP_ANALYSIS = YES;
				CLANG_WARN_STRICT_PROTOTYPES = YES;
				CLANG_WARN_SUSPICIOUS_MOVE = YES;
				CLANG_WARN_UNGUARDED_AVAILABILITY = YES_AGGRESSIVE;
				CLANG_WARN_UNREACHABLE_CODE = YES;
				CLANG_WARN__DUPLICATE_METHOD_MATCH = YES;
				COPY_PHASE_STRIP = NO;
				DEBUG_INFORMATION_FORMAT = dwarf;
				ENABLE_STRICT_OBJC_MSGSEND = YES;
				ENABLE_TESTABILITY = YES;
				GCC_C_LANGUAGE_STANDARD = gnu11;
				GCC_DYNAMIC_NO_PIC = NO;
				GCC_NO_COMMON_BLOCKS = YES;
				GCC_OPTIMIZATION_LEVEL = 0;
				GCC_PREPROCESSOR_DEFINITIONS = (
					"DEBUG=1",
					"$(inherited)",
				);
				GCC_WARN_64_TO_32_BIT_CONVERSION = YES;
				GCC_WARN_ABOUT_RETURN_TYPE = YES_ERROR;
				GCC_WARN_UNDECLARED_SELECTOR = YES;
				GCC_WARN_UNINITIALIZED_AUTOS = YES_AGGRESSIVE;
				GCC_WARN_UNUSED_FUNCTION = YES;
				GCC_WARN_UNUSED_VARIABLE = YES;
				IPHONEOS_DEPLOYMENT_TARGET = 13.2;
				MTL_ENABLE_DEBUG_INFO = INCLUDE_SOURCE;
				MTL_FAST_MATH = YES;
				ONLY_ACTIVE_ARCH = YES;
				SDKROOT = iphoneos;
				SWIFT_ACTIVE_COMPILATION_CONDITIONS = DEBUG;
				SWIFT_OPTIMIZATION_LEVEL = "-Onone";
			};
			name = Debug;
		};
		2483076C2373C74700810F89 /* Release */ = {
			isa = XCBuildConfiguration;
			buildSettings = {
				ALWAYS_SEARCH_USER_PATHS = NO;
				CLANG_ANALYZER_NONNULL = YES;
				CLANG_ANALYZER_NUMBER_OBJECT_CONVERSION = YES_AGGRESSIVE;
				CLANG_CXX_LANGUAGE_STANDARD = "gnu++14";
				CLANG_CXX_LIBRARY = "libc++";
				CLANG_ENABLE_MODULES = YES;
				CLANG_ENABLE_OBJC_ARC = YES;
				CLANG_ENABLE_OBJC_WEAK = YES;
				CLANG_WARN_BLOCK_CAPTURE_AUTORELEASING = YES;
				CLANG_WARN_BOOL_CONVERSION = YES;
				CLANG_WARN_COMMA = YES;
				CLANG_WARN_CONSTANT_CONVERSION = YES;
				CLANG_WARN_DEPRECATED_OBJC_IMPLEMENTATIONS = YES;
				CLANG_WARN_DIRECT_OBJC_ISA_USAGE = YES_ERROR;
				CLANG_WARN_DOCUMENTATION_COMMENTS = YES;
				CLANG_WARN_EMPTY_BODY = YES;
				CLANG_WARN_ENUM_CONVERSION = YES;
				CLANG_WARN_INFINITE_RECURSION = YES;
				CLANG_WARN_INT_CONVERSION = YES;
				CLANG_WARN_NON_LITERAL_NULL_CONVERSION = YES;
				CLANG_WARN_OBJC_IMPLICIT_RETAIN_SELF = YES;
				CLANG_WARN_OBJC_LITERAL_CONVERSION = YES;
				CLANG_WARN_OBJC_ROOT_CLASS = YES_ERROR;
				CLANG_WARN_RANGE_LOOP_ANALYSIS = YES;
				CLANG_WARN_STRICT_PROTOTYPES = YES;
				CLANG_WARN_SUSPICIOUS_MOVE = YES;
				CLANG_WARN_UNGUARDED_AVAILABILITY = YES_AGGRESSIVE;
				CLANG_WARN_UNREACHABLE_CODE = YES;
				CLANG_WARN__DUPLICATE_METHOD_MATCH = YES;
				COPY_PHASE_STRIP = NO;
				DEBUG_INFORMATION_FORMAT = "dwarf-with-dsym";
				ENABLE_NS_ASSERTIONS = NO;
				ENABLE_STRICT_OBJC_MSGSEND = YES;
				GCC_C_LANGUAGE_STANDARD = gnu11;
				GCC_NO_COMMON_BLOCKS = YES;
				GCC_WARN_64_TO_32_BIT_CONVERSION = YES;
				GCC_WARN_ABOUT_RETURN_TYPE = YES_ERROR;
				GCC_WARN_UNDECLARED_SELECTOR = YES;
				GCC_WARN_UNINITIALIZED_AUTOS = YES_AGGRESSIVE;
				GCC_WARN_UNUSED_FUNCTION = YES;
				GCC_WARN_UNUSED_VARIABLE = YES;
				IPHONEOS_DEPLOYMENT_TARGET = 13.2;
				MTL_ENABLE_DEBUG_INFO = NO;
				MTL_FAST_MATH = YES;
				SDKROOT = iphoneos;
				SWIFT_COMPILATION_MODE = wholemodule;
				SWIFT_OPTIMIZATION_LEVEL = "-O";
				VALIDATE_PRODUCT = YES;
			};
			name = Release;
		};
		2483076E2373C74700810F89 /* Debug */ = {
			isa = XCBuildConfiguration;
			buildSettings = {
				ASSETCATALOG_COMPILER_APPICON_NAME = AppIcon;
				CODE_SIGN_STYLE = Automatic;
				DEVELOPMENT_TEAM = MBQ2JLQD83;
				INFOPLIST_FILE = "Store Depot/Info.plist";
				LD_RUNPATH_SEARCH_PATHS = (
					"$(inherited)",
					"@executable_path/Frameworks",
				);
				PRODUCT_BUNDLE_IDENTIFIER = "com.metta.Store-Depot";
				PRODUCT_NAME = "$(TARGET_NAME)";
				SWIFT_VERSION = 5.0;
				TARGETED_DEVICE_FAMILY = "1,2";
			};
			name = Debug;
		};
		2483076F2373C74700810F89 /* Release */ = {
			isa = XCBuildConfiguration;
			buildSettings = {
				ASSETCATALOG_COMPILER_APPICON_NAME = AppIcon;
				CODE_SIGN_STYLE = Automatic;
				DEVELOPMENT_TEAM = MBQ2JLQD83;
				INFOPLIST_FILE = "Store Depot/Info.plist";
				LD_RUNPATH_SEARCH_PATHS = (
					"$(inherited)",
					"@executable_path/Frameworks",
				);
				PRODUCT_BUNDLE_IDENTIFIER = "com.metta.Store-Depot";
				PRODUCT_NAME = "$(TARGET_NAME)";
				SWIFT_VERSION = 5.0;
				TARGETED_DEVICE_FAMILY = "1,2";
			};
			name = Release;
		};
		248307712373C74700810F89 /* Debug */ = {
			isa = XCBuildConfiguration;
			buildSettings = {
				ALWAYS_EMBED_SWIFT_STANDARD_LIBRARIES = YES;
				BUNDLE_LOADER = "$(TEST_HOST)";
				CODE_SIGN_STYLE = Automatic;
				DEVELOPMENT_TEAM = MBQ2JLQD83;
				INFOPLIST_FILE = "Store DepotTests/Info.plist";
				IPHONEOS_DEPLOYMENT_TARGET = 13.2;
				LD_RUNPATH_SEARCH_PATHS = (
					"$(inherited)",
					"@executable_path/Frameworks",
					"@loader_path/Frameworks",
				);
				PRODUCT_BUNDLE_IDENTIFIER = "com.metta.Store-DepotTests";
				PRODUCT_NAME = "$(TARGET_NAME)";
				SWIFT_VERSION = 5.0;
				TARGETED_DEVICE_FAMILY = "1,2";
				TEST_HOST = "$(BUILT_PRODUCTS_DIR)/Store Depot.app/Store Depot";
			};
			name = Debug;
		};
		248307722373C74700810F89 /* Release */ = {
			isa = XCBuildConfiguration;
			buildSettings = {
				ALWAYS_EMBED_SWIFT_STANDARD_LIBRARIES = YES;
				BUNDLE_LOADER = "$(TEST_HOST)";
				CODE_SIGN_STYLE = Automatic;
				DEVELOPMENT_TEAM = MBQ2JLQD83;
				INFOPLIST_FILE = "Store DepotTests/Info.plist";
				IPHONEOS_DEPLOYMENT_TARGET = 13.2;
				LD_RUNPATH_SEARCH_PATHS = (
					"$(inherited)",
					"@executable_path/Frameworks",
					"@loader_path/Frameworks",
				);
				PRODUCT_BUNDLE_IDENTIFIER = "com.metta.Store-DepotTests";
				PRODUCT_NAME = "$(TARGET_NAME)";
				SWIFT_VERSION = 5.0;
				TARGETED_DEVICE_FAMILY = "1,2";
				TEST_HOST = "$(BUILT_PRODUCTS_DIR)/Store Depot.app/Store Depot";
			};
			name = Release;
		};
		248307742373C74700810F89 /* Debug */ = {
			isa = XCBuildConfiguration;
			buildSettings = {
				ALWAYS_EMBED_SWIFT_STANDARD_LIBRARIES = YES;
				CODE_SIGN_STYLE = Automatic;
				DEVELOPMENT_TEAM = MBQ2JLQD83;
				INFOPLIST_FILE = "Store DepotUITests/Info.plist";
				LD_RUNPATH_SEARCH_PATHS = (
					"$(inherited)",
					"@executable_path/Frameworks",
					"@loader_path/Frameworks",
				);
				PRODUCT_BUNDLE_IDENTIFIER = "com.metta.Store-DepotUITests";
				PRODUCT_NAME = "$(TARGET_NAME)";
				SWIFT_VERSION = 5.0;
				TARGETED_DEVICE_FAMILY = "1,2";
				TEST_TARGET_NAME = "Store Depot";
			};
			name = Debug;
		};
		248307752373C74700810F89 /* Release */ = {
			isa = XCBuildConfiguration;
			buildSettings = {
				ALWAYS_EMBED_SWIFT_STANDARD_LIBRARIES = YES;
				CODE_SIGN_STYLE = Automatic;
				DEVELOPMENT_TEAM = MBQ2JLQD83;
				INFOPLIST_FILE = "Store DepotUITests/Info.plist";
				LD_RUNPATH_SEARCH_PATHS = (
					"$(inherited)",
					"@executable_path/Frameworks",
					"@loader_path/Frameworks",
				);
				PRODUCT_BUNDLE_IDENTIFIER = "com.metta.Store-DepotUITests";
				PRODUCT_NAME = "$(TARGET_NAME)";
				SWIFT_VERSION = 5.0;
				TARGETED_DEVICE_FAMILY = "1,2";
				TEST_TARGET_NAME = "Store Depot";
			};
			name = Release;
		};
/* End XCBuildConfiguration section */

/* Begin XCConfigurationList section */
		2483073E2373C74300810F89 /* Build configuration list for PBXProject "Store Depot" */ = {
			isa = XCConfigurationList;
			buildConfigurations = (
				2483076B2373C74700810F89 /* Debug */,
				2483076C2373C74700810F89 /* Release */,
			);
			defaultConfigurationIsVisible = 0;
			defaultConfigurationName = Release;
		};
		2483076D2373C74700810F89 /* Build configuration list for PBXNativeTarget "Store Depot" */ = {
			isa = XCConfigurationList;
			buildConfigurations = (
				2483076E2373C74700810F89 /* Debug */,
				2483076F2373C74700810F89 /* Release */,
			);
			defaultConfigurationIsVisible = 0;
			defaultConfigurationName = Release;
		};
		248307702373C74700810F89 /* Build configuration list for PBXNativeTarget "Store DepotTests" */ = {
			isa = XCConfigurationList;
			buildConfigurations = (
				248307712373C74700810F89 /* Debug */,
				248307722373C74700810F89 /* Release */,
			);
			defaultConfigurationIsVisible = 0;
			defaultConfigurationName = Release;
		};
		248307732373C74700810F89 /* Build configuration list for PBXNativeTarget "Store DepotUITests" */ = {
			isa = XCConfigurationList;
			buildConfigurations = (
				248307742373C74700810F89 /* Debug */,
				248307752373C74700810F89 /* Release */,
			);
			defaultConfigurationIsVisible = 0;
			defaultConfigurationName = Release;
		};
/* End XCConfigurationList section */
	};
	rootObject = 2483073B2373C74300810F89 /* Project object */;
}
